version = 1

[[bindings]]
doc = "databases/postgres/go/README.md"
target = "databases/postgres/go/tenantctx/tenantctx.go"
sig = "aed24de51bd4a686"

[[bindings]]
doc = "databases/postgres/go/README.md"
target = "databases/postgres/go/uow.go"
sig = "42cb916e58af089c"

[[bindings]]
doc = "docs/ARCHITECTURE.md"
target = "errors/go/domainerr/domainerr.go"
sig = "57ec26ab30cd9fa1"

[[bindings]]
doc = "docs/ARCHITECTURE.md"
target = "http/gin/go/respond.go#Respond"
sig = "6e45814bf9738f3a"

[[bindings]]
doc = "docs/ARCHITECTURE.md"
target = "kernels/saas/go/identity/adapters/firebase/verifier.go#NewVerifier"
sig = "0ba67e66c23754de"

[[bindings]]
doc = "docs/ARCHITECTURE.md"
target = "kernels/saas/go/identity/membership_resolver.go#MembershipResolver"
sig = "878193cf86739d99"

[[bindings]]
doc = "docs/ARCHITECTURE.md"
target = "security/go/tenant/tenant.go"
sig = "97cf8acb0a465bf0"

[[bindings]]
doc = "money/README.md"
target = "money/go/decimal.go"
sig = "a8a046cf4743cba9"

[[bindings]]
doc = "money/README.md"
target = "money/go/money.go"
sig = "157e5e3c62db1589"
