version = 1

[[bindings]]
doc = "databases/postgres/go/README.md"
target = "databases/postgres/go/tenantctx/tenantctx.go"
sig = "aed24de51bd4a686"

[[bindings]]
doc = "databases/postgres/go/README.md"
target = "databases/postgres/go/uow.go"
sig = "a24da0a6df8ba44b"

[[bindings]]
doc = "docs/ARCHITECTURE.md"
target = "errors/go/domainerr/domainerr.go"
sig = "57ec26ab30cd9fa1"

[[bindings]]
doc = "docs/ARCHITECTURE.md"
target = "http/gin/go/respond.go#Respond"
sig = "6e45814bf9738f3a"

[[bindings]]
doc = "docs/ARCHITECTURE.md"
target = "kernels/saas/go/identity/adapters/firebase/verifier.go#NewVerifier"
sig = "0ba67e66c23754de"

[[bindings]]
doc = "docs/ARCHITECTURE.md"
target = "kernels/saas/go/identity/membership_resolver.go#MembershipResolver"
sig = "878193cf86739d99"

[[bindings]]
doc = "docs/ARCHITECTURE.md"
target = "security/go/tenant/tenant.go"
sig = "97cf8acb0a465bf0"

[[bindings]]
doc = "http/ts/README.md"
target = "http/ts/src/fetch.ts"
sig = "4d59b8b08e25253f"

[[bindings]]
doc = "iam/go/README.md"
target = "iam/go/migrations/0001_iam_core.sql"
sig = "d0ae627f67de6a2d"

[[bindings]]
doc = "iam/go/README.md"
target = "iam/go/resolver.go"
sig = "a0c0b2895c6424ea"

[[bindings]]
doc = "iam/go/README.md"
target = "iam/go/schema.go"
sig = "38561b9645eb24ac"

[[bindings]]
doc = "iam/go/README.md"
target = "iam/go/session.go"
sig = "fbd7d6a504465bc6"

[[bindings]]
doc = "iam/go/README.md"
target = "iam/go/store.go"
sig = "98f0c3568e2e742b"

[[bindings]]
doc = "iam/go/README.md"
target = "iam/go/types.go"
sig = "799ae531df305b84"

[[bindings]]
doc = "idempotency/README.md"
target = "idempotency/go/middleware.go"
sig = "895a7f281edee43d"

[[bindings]]
doc = "idempotency/README.md"
target = "idempotency/go/store.go"
sig = "880da10206133dc9"

[[bindings]]
doc = "money/README.md"
target = "money/go/decimal.go"
sig = "a8a046cf4743cba9"

[[bindings]]
doc = "money/README.md"
target = "money/go/money.go"
sig = "157e5e3c62db1589"

[[bindings]]
doc = "outbox/README.md"
target = "outbox/go/backoff.go"
sig = "0e507d5a62f11b3d"

[[bindings]]
doc = "outbox/README.md"
target = "outbox/go/dispatcher.go"
sig = "d5e9d683f79d1a40"

[[bindings]]
doc = "outbox/README.md"
target = "outbox/go/schema.go"
sig = "3514993d61f68574"

[[bindings]]
doc = "outbox/README.md"
target = "outbox/go/schema.sql"
sig = "75bf4dd5d066778c"

[[bindings]]
doc = "outbox/README.md"
target = "outbox/go/store.go"
sig = "e82b016d9c3e5f58"
