github.com/devpablocristo/platform/errors/go v0.2.0 h1:I7WZlgEd7ic6c2IETYgzA3ULykDd8Qnx+w6NYPXlRKM=
github.com/devpablocristo/platform/errors/go v0.2.0/go.mod h1:1cHoflrIdeQrLDtVPgsl5GqjYH7AZKASNYCMSAcdjOA=
github.com/devpablocristo/platform/jobs/go v0.1.0 h1:3jMfKluabIgMlbJOK+46b1mSI5amBfMX9Jnp15Bkyp8=
github.com/devpablocristo/platform/jobs/go v0.1.0/go.mod h1:C4NR+l9MeDT2a+hyM9oFS45OV0CiCZVKe6RjYtoGeGs=
github.com/google/uuid v1.6.0 h1:NIvaJDMOsjHA8n1jAhLSgzrAzy1Hgr+hNrb57e+94F0=
github.com/google/uuid v1.6.0/go.mod h1:TIyPZe4MgqvfeYDBFedMoGGpEw/LqOeaOT+nhxU+yHo=
